
Microsoft Visual Studio Solution File, Format Version 12.00
# Visual Studio Version 17
VisualStudioVersion = 17.12.35424.110
MinimumVisualStudioVersion = 10.0.40219.1
Project("{2150E333-8FDC-42A3-9474-1A3956D46DE8}") = "Solution Files", "Solution Files", "{D3A0C6A1-81ED-4465-AC01-5320683B61A7}"
	ProjectSection(SolutionItems) = preProject
		CITATION.cff = CITATION.cff
		mercurio-logo-nugget.png = mercurio-logo-nugget.png
		mercurio-logo-strapline.png = mercurio-logo-strapline.png
		mercurio-logo.png = mercurio-logo.png
		README.md = README.md
	EndProjectSection
EndProject
Project("{FAE04EC0-301F-11D3-BF4B-00C04F79EFBC}") = "Mercurio", "Mercurio\Mercurio.csproj", "{DFEE1EC8-AEC3-40EE-82D2-B5A4688DC9B3}"
EndProject
Project("{FAE04EC0-301F-11D3-BF4B-00C04F79EFBC}") = "Mercurio.Tests", "Mercurio.Tests\Mercurio.Tests.csproj", "{43A1B6B2-0D1E-4235-80E7-14C65294F8DF}"
EndProject
Project("{FAE04EC0-301F-11D3-BF4B-00C04F79EFBC}") = "Mercurio.Tests.TUnit", "Mercurio.Tests.TUnit\Mercurio.Tests.TUnit.csproj", "{A2D193D1-101C-4A44-93F6-FE07450B2921}"
EndProject
Project("{FAE04EC0-301F-11D3-BF4B-00C04F79EFBC}") = "Mercurio.Hosting", "Mercurio.Hosting\Mercurio.Hosting.csproj", "{CA423FE4-647B-4B7B-9DB2-BADAA512979A}"
EndProject
Project("{FAE04EC0-301F-11D3-BF4B-00C04F79EFBC}") = "Mercurio.Hosting.Tests", "Mercurio.Hosting.Tests\Mercurio.Hosting.Tests.csproj", "{7EF01657-ADD4-42C4-8DDA-6991FF5CB5FC}"
EndProject
Global
	GlobalSection(SolutionConfigurationPlatforms) = preSolution
		Debug|Any CPU = Debug|Any CPU
		Release|Any CPU = Release|Any CPU
	EndGlobalSection
	GlobalSection(ProjectConfigurationPlatforms) = postSolution
		{DFEE1EC8-AEC3-40EE-82D2-B5A4688DC9B3}.Debug|Any CPU.ActiveCfg = Debug|Any CPU
		{DFEE1EC8-AEC3-40EE-82D2-B5A4688DC9B3}.Debug|Any CPU.Build.0 = Debug|Any CPU
		{DFEE1EC8-AEC3-40EE-82D2-B5A4688DC9B3}.Release|Any CPU.ActiveCfg = Release|Any CPU
		{DFEE1EC8-AEC3-40EE-82D2-B5A4688DC9B3}.Release|Any CPU.Build.0 = Release|Any CPU
		{43A1B6B2-0D1E-4235-80E7-14C65294F8DF}.Debug|Any CPU.ActiveCfg = Debug|Any CPU
		{43A1B6B2-0D1E-4235-80E7-14C65294F8DF}.Debug|Any CPU.Build.0 = Debug|Any CPU
		{43A1B6B2-0D1E-4235-80E7-14C65294F8DF}.Release|Any CPU.ActiveCfg = Release|Any CPU
		{43A1B6B2-0D1E-4235-80E7-14C65294F8DF}.Release|Any CPU.Build.0 = Release|Any CPU
		{A2D193D1-101C-4A44-93F6-FE07450B2921}.Debug|Any CPU.ActiveCfg = Debug|Any CPU
		{A2D193D1-101C-4A44-93F6-FE07450B2921}.Debug|Any CPU.Build.0 = Debug|Any CPU
		{A2D193D1-101C-4A44-93F6-FE07450B2921}.Release|Any CPU.ActiveCfg = Release|Any CPU
		{A2D193D1-101C-4A44-93F6-FE07450B2921}.Release|Any CPU.Build.0 = Release|Any CPU
		{CA423FE4-647B-4B7B-9DB2-BADAA512979A}.Debug|Any CPU.ActiveCfg = Debug|Any CPU
		{CA423FE4-647B-4B7B-9DB2-BADAA512979A}.Debug|Any CPU.Build.0 = Debug|Any CPU
		{CA423FE4-647B-4B7B-9DB2-BADAA512979A}.Release|Any CPU.ActiveCfg = Release|Any CPU
		{CA423FE4-647B-4B7B-9DB2-BADAA512979A}.Release|Any CPU.Build.0 = Release|Any CPU
		{7EF01657-ADD4-42C4-8DDA-6991FF5CB5FC}.Debug|Any CPU.ActiveCfg = Debug|Any CPU
		{7EF01657-ADD4-42C4-8DDA-6991FF5CB5FC}.Debug|Any CPU.Build.0 = Debug|Any CPU
		{7EF01657-ADD4-42C4-8DDA-6991FF5CB5FC}.Release|Any CPU.ActiveCfg = Release|Any CPU
		{7EF01657-ADD4-42C4-8DDA-6991FF5CB5FC}.Release|Any CPU.Build.0 = Release|Any CPU
	EndGlobalSection
	GlobalSection(SolutionProperties) = preSolution
		HideSolutionNode = FALSE
	EndGlobalSection
EndGlobal
